
Microsoft Visual Studio Solution File, Format Version 12.00
# Visual Studio Version 17
VisualStudioVersion = 17.4.33213.308
MinimumVisualStudioVersion = 10.0.40219.1
Project("{8BC9CEB8-8B4A-11D0-8D11-00A0C91BC942}") = "Lab1_1", "Lab1\Lab1.vcxproj", "{B966EB40-9705-4E29-91B2-C77099EFEB24}"
EndProject
Project("{8BC9CEB8-8B4A-11D0-8D11-00A0C91BC942}") = "Lab1_2", "Lab1_2\Lab1_2.vcxproj", "{CE10ED78-5C19-423E-8959-704DE84DE10F}"
EndProject
Project("{8BC9CEB8-8B4A-11D0-8D11-00A0C91BC942}") = "Lab1_3", "Lab1_3\Lab1_3.vcxproj", "{8D3D6BC4-80B5-4887-9CD8-8644B74A8567}"
EndProject
Project("{8BC9CEB8-8B4A-11D0-8D11-00A0C91BC942}") = "Lab1_4", "Lab1_4\Lab1_4.vcxproj", "{D2238F6B-6E21-42F7-A147-0B16CA9D3351}"
EndProject
Project("{FAE04EC0-301F-11D3-BF4B-00C04F79EFBC}") = "Lab1_4_v2", "Lab1_4_v2\Lab1_4_v2.csproj", "{6CA229FC-6E88-4446-9900-A0BDDF26DE21}"
EndProject
Project("{FAE04EC0-301F-11D3-BF4B-00C04F79EFBC}") = "Lab1_4_v3", "Lab1_4_v3\Lab1_4_v3.csproj", "{C496E052-DD64-4C9F-B4B0-70B3962B4534}"
EndProject
Global
	GlobalSection(SolutionConfigurationPlatforms) = preSolution
		Debug|Any CPU = Debug|Any CPU
		Debug|x64 = Debug|x64
		Debug|x86 = Debug|x86
		Release|Any CPU = Release|Any CPU
		Release|x64 = Release|x64
		Release|x86 = Release|x86
	EndGlobalSection
	GlobalSection(ProjectConfigurationPlatforms) = postSolution
		{B966EB40-9705-4E29-91B2-C77099EFEB24}.Debug|Any CPU.ActiveCfg = Debug|x64
		{B966EB40-9705-4E29-91B2-C77099EFEB24}.Debug|Any CPU.Build.0 = Debug|x64
		{B966EB40-9705-4E29-91B2-C77099EFEB24}.Debug|x64.ActiveCfg = Debug|x64
		{B966EB40-9705-4E29-91B2-C77099EFEB24}.Debug|x64.Build.0 = Debug|x64
		{B966EB40-9705-4E29-91B2-C77099EFEB24}.Debug|x86.ActiveCfg = Debug|Win32
		{B966EB40-9705-4E29-91B2-C77099EFEB24}.Debug|x86.Build.0 = Debug|Win32
		{B966EB40-9705-4E29-91B2-C77099EFEB24}.Release|Any CPU.ActiveCfg = Release|x64
		{B966EB40-9705-4E29-91B2-C77099EFEB24}.Release|Any CPU.Build.0 = Release|x64
		{B966EB40-9705-4E29-91B2-C77099EFEB24}.Release|x64.ActiveCfg = Release|x64
		{B966EB40-9705-4E29-91B2-C77099EFEB24}.Release|x64.Build.0 = Release|x64
		{B966EB40-9705-4E29-91B2-C77099EFEB24}.Release|x86.ActiveCfg = Release|Win32
		{B966EB40-9705-4E29-91B2-C77099EFEB24}.Release|x86.Build.0 = Release|Win32
		{CE10ED78-5C19-423E-8959-704DE84DE10F}.Debug|Any CPU.ActiveCfg = Debug|x64
		{CE10ED78-5C19-423E-8959-704DE84DE10F}.Debug|Any CPU.Build.0 = Debug|x64
		{CE10ED78-5C19-423E-8959-704DE84DE10F}.Debug|x64.ActiveCfg = Debug|x64
		{CE10ED78-5C19-423E-8959-704DE84DE10F}.Debug|x64.Build.0 = Debug|x64
		{CE10ED78-5C19-423E-8959-704DE84DE10F}.Debug|x86.ActiveCfg = Debug|Win32
		{CE10ED78-5C19-423E-8959-704DE84DE10F}.Debug|x86.Build.0 = Debug|Win32
		{CE10ED78-5C19-423E-8959-704DE84DE10F}.Release|Any CPU.ActiveCfg = Release|x64
		{CE10ED78-5C19-423E-8959-704DE84DE10F}.Release|Any CPU.Build.0 = Release|x64
		{CE10ED78-5C19-423E-8959-704DE84DE10F}.Release|x64.ActiveCfg = Release|x64
		{CE10ED78-5C19-423E-8959-704DE84DE10F}.Release|x64.Build.0 = Release|x64
		{CE10ED78-5C19-423E-8959-704DE84DE10F}.Release|x86.ActiveCfg = Release|Win32
		{CE10ED78-5C19-423E-8959-704DE84DE10F}.Release|x86.Build.0 = Release|Win32
		{8D3D6BC4-80B5-4887-9CD8-8644B74A8567}.Debug|Any CPU.ActiveCfg = Debug|x64
		{8D3D6BC4-80B5-4887-9CD8-8644B74A8567}.Debug|Any CPU.Build.0 = Debug|x64
		{8D3D6BC4-80B5-4887-9CD8-8644B74A8567}.Debug|x64.ActiveCfg = Debug|x64
		{8D3D6BC4-80B5-4887-9CD8-8644B74A8567}.Debug|x64.Build.0 = Debug|x64
		{8D3D6BC4-80B5-4887-9CD8-8644B74A8567}.Debug|x86.ActiveCfg = Debug|Win32
		{8D3D6BC4-80B5-4887-9CD8-8644B74A8567}.Debug|x86.Build.0 = Debug|Win32
		{8D3D6BC4-80B5-4887-9CD8-8644B74A8567}.Release|Any CPU.ActiveCfg = Release|x64
		{8D3D6BC4-80B5-4887-9CD8-8644B74A8567}.Release|Any CPU.Build.0 = Release|x64
		{8D3D6BC4-80B5-4887-9CD8-8644B74A8567}.Release|x64.ActiveCfg = Release|x64
		{8D3D6BC4-80B5-4887-9CD8-8644B74A8567}.Release|x64.Build.0 = Release|x64
		{8D3D6BC4-80B5-4887-9CD8-8644B74A8567}.Release|x86.ActiveCfg = Release|Win32
		{8D3D6BC4-80B5-4887-9CD8-8644B74A8567}.Release|x86.Build.0 = Release|Win32
		{D2238F6B-6E21-42F7-A147-0B16CA9D3351}.Debug|Any CPU.ActiveCfg = Debug|x64
		{D2238F6B-6E21-42F7-A147-0B16CA9D3351}.Debug|Any CPU.Build.0 = Debug|x64
		{D2238F6B-6E21-42F7-A147-0B16CA9D3351}.Debug|x64.ActiveCfg = Debug|x64
		{D2238F6B-6E21-42F7-A147-0B16CA9D3351}.Debug|x64.Build.0 = Debug|x64
		{D2238F6B-6E21-42F7-A147-0B16CA9D3351}.Debug|x86.ActiveCfg = Debug|Win32
		{D2238F6B-6E21-42F7-A147-0B16CA9D3351}.Debug|x86.Build.0 = Debug|Win32
		{D2238F6B-6E21-42F7-A147-0B16CA9D3351}.Release|Any CPU.ActiveCfg = Release|x64
		{D2238F6B-6E21-42F7-A147-0B16CA9D3351}.Release|Any CPU.Build.0 = Release|x64
		{D2238F6B-6E21-42F7-A147-0B16CA9D3351}.Release|x64.ActiveCfg = Release|x64
		{D2238F6B-6E21-42F7-A147-0B16CA9D3351}.Release|x64.Build.0 = Release|x64
		{D2238F6B-6E21-42F7-A147-0B16CA9D3351}.Release|x86.ActiveCfg = Release|Win32
		{D2238F6B-6E21-42F7-A147-0B16CA9D3351}.Release|x86.Build.0 = Release|Win32
		{6CA229FC-6E88-4446-9900-A0BDDF26DE21}.Debug|Any CPU.ActiveCfg = Debug|Any CPU
		{6CA229FC-6E88-4446-9900-A0BDDF26DE21}.Debug|Any CPU.Build.0 = Debug|Any CPU
		{6CA229FC-6E88-4446-9900-A0BDDF26DE21}.Debug|x64.ActiveCfg = Debug|Any CPU
		{6CA229FC-6E88-4446-9900-A0BDDF26DE21}.Debug|x64.Build.0 = Debug|Any CPU
		{6CA229FC-6E88-4446-9900-A0BDDF26DE21}.Debug|x86.ActiveCfg = Debug|Any CPU
		{6CA229FC-6E88-4446-9900-A0BDDF26DE21}.Debug|x86.Build.0 = Debug|Any CPU
		{6CA229FC-6E88-4446-9900-A0BDDF26DE21}.Release|Any CPU.ActiveCfg = Release|Any CPU
		{6CA229FC-6E88-4446-9900-A0BDDF26DE21}.Release|Any CPU.Build.0 = Release|Any CPU
		{6CA229FC-6E88-4446-9900-A0BDDF26DE21}.Release|x64.ActiveCfg = Release|Any CPU
		{6CA229FC-6E88-4446-9900-A0BDDF26DE21}.Release|x64.Build.0 = Release|Any CPU
		{6CA229FC-6E88-4446-9900-A0BDDF26DE21}.Release|x86.ActiveCfg = Release|Any CPU
		{6CA229FC-6E88-4446-9900-A0BDDF26DE21}.Release|x86.Build.0 = Release|Any CPU
		{C496E052-DD64-4C9F-B4B0-70B3962B4534}.Debug|Any CPU.ActiveCfg = Debug|Any CPU
		{C496E052-DD64-4C9F-B4B0-70B3962B4534}.Debug|Any CPU.Build.0 = Debug|Any CPU
		{C496E052-DD64-4C9F-B4B0-70B3962B4534}.Debug|x64.ActiveCfg = Debug|Any CPU
		{C496E052-DD64-4C9F-B4B0-70B3962B4534}.Debug|x64.Build.0 = Debug|Any CPU
		{C496E052-DD64-4C9F-B4B0-70B3962B4534}.Debug|x86.ActiveCfg = Debug|Any CPU
		{C496E052-DD64-4C9F-B4B0-70B3962B4534}.Debug|x86.Build.0 = Debug|Any CPU
		{C496E052-DD64-4C9F-B4B0-70B3962B4534}.Release|Any CPU.ActiveCfg = Release|Any CPU
		{C496E052-DD64-4C9F-B4B0-70B3962B4534}.Release|Any CPU.Build.0 = Release|Any CPU
		{C496E052-DD64-4C9F-B4B0-70B3962B4534}.Release|x64.ActiveCfg = Release|Any CPU
		{C496E052-DD64-4C9F-B4B0-70B3962B4534}.Release|x64.Build.0 = Release|Any CPU
		{C496E052-DD64-4C9F-B4B0-70B3962B4534}.Release|x86.ActiveCfg = Release|Any CPU
		{C496E052-DD64-4C9F-B4B0-70B3962B4534}.Release|x86.Build.0 = Release|Any CPU
	EndGlobalSection
	GlobalSection(SolutionProperties) = preSolution
		HideSolutionNode = FALSE
	EndGlobalSection
	GlobalSection(ExtensibilityGlobals) = postSolution
		SolutionGuid = {7A357852-7CF7-41EF-B726-36FAC10F318A}
	EndGlobalSection
EndGlobal
